
Microsoft Visual Studio Solution File, Format Version 12.00
# Visual Studio Version 16
VisualStudioVersion = 16.0.30104.148
MinimumVisualStudioVersion = 10.0.40219.1
Project("{FAE04EC0-301F-11D3-BF4B-00C04F79EFBC}") = "Экзамен 2021 ПП", "Экзамен 2021 ПП\Экзамен 2021 ПП.csproj", "{71A8BC09-6823-45AA-B2BF-7DFD2F1A148A}"
EndProject
Project("{FAE04EC0-301F-11D3-BF4B-00C04F79EFBC}") = "Тест", "Тест\Тест.csproj", "{3D08DF38-D0F4-4C4B-BD12-D27DD45CAD45}"
EndProject
Global
	GlobalSection(SolutionConfigurationPlatforms) = preSolution
		Debug|Any CPU = Debug|Any CPU
		Release|Any CPU = Release|Any CPU
	EndGlobalSection
	GlobalSection(ProjectConfigurationPlatforms) = postSolution
		{71A8BC09-6823-45AA-B2BF-7DFD2F1A148A}.Debug|Any CPU.ActiveCfg = Debug|Any CPU
		{71A8BC09-6823-45AA-B2BF-7DFD2F1A148A}.Debug|Any CPU.Build.0 = Debug|Any CPU
		{71A8BC09-6823-45AA-B2BF-7DFD2F1A148A}.Release|Any CPU.ActiveCfg = Release|Any CPU
		{71A8BC09-6823-45AA-B2BF-7DFD2F1A148A}.Release|Any CPU.Build.0 = Release|Any CPU
		{3D08DF38-D0F4-4C4B-BD12-D27DD45CAD45}.Debug|Any CPU.ActiveCfg = Debug|Any CPU
		{3D08DF38-D0F4-4C4B-BD12-D27DD45CAD45}.Debug|Any CPU.Build.0 = Debug|Any CPU
		{3D08DF38-D0F4-4C4B-BD12-D27DD45CAD45}.Release|Any CPU.ActiveCfg = Release|Any CPU
		{3D08DF38-D0F4-4C4B-BD12-D27DD45CAD45}.Release|Any CPU.Build.0 = Release|Any CPU
	EndGlobalSection
	GlobalSection(SolutionProperties) = preSolution
		HideSolutionNode = FALSE
	EndGlobalSection
	GlobalSection(ExtensibilityGlobals) = postSolution
		SolutionGuid = {14F2B424-00B1-49C4-9292-891E00406ABE}
	EndGlobalSection
EndGlobal
